
Microsoft Visual Studio Solution File, Format Version 12.00
# Visual Studio 2013
VisualStudioVersion = 12.0.30501.0
MinimumVisualStudioVersion = 10.0.40219.1
Project("{FAE04EC0-301F-11D3-BF4B-00C04F79EFBC}") = "Again", "Again\Again.csproj", "{55773660-5209-467A-AED2-F0BA89C54AEF}"
EndProject
Project("{FAE04EC0-301F-11D3-BF4B-00C04F79EFBC}") = "Again.Dal", "Again.Dal\Again.Dal.csproj", "{35AF1EFF-F192-415B-9326-73EF0AA4466A}"
EndProject
Global
	GlobalSection(SolutionConfigurationPlatforms) = preSolution
		Debug|Any CPU = Debug|Any CPU
		Release|Any CPU = Release|Any CPU
	EndGlobalSection
	GlobalSection(ProjectConfigurationPlatforms) = postSolution
		{55773660-5209-467A-AED2-F0BA89C54AEF}.Debug|Any CPU.ActiveCfg = Debug|Any CPU
		{55773660-5209-467A-AED2-F0BA89C54AEF}.Debug|Any CPU.Build.0 = Debug|Any CPU
		{55773660-5209-467A-AED2-F0BA89C54AEF}.Release|Any CPU.ActiveCfg = Release|Any CPU
		{55773660-5209-467A-AED2-F0BA89C54AEF}.Release|Any CPU.Build.0 = Release|Any CPU
		{35AF1EFF-F192-415B-9326-73EF0AA4466A}.Debug|Any CPU.ActiveCfg = Debug|Any CPU
		{35AF1EFF-F192-415B-9326-73EF0AA4466A}.Debug|Any CPU.Build.0 = Debug|Any CPU
		{35AF1EFF-F192-415B-9326-73EF0AA4466A}.Release|Any CPU.ActiveCfg = Release|Any CPU
		{35AF1EFF-F192-415B-9326-73EF0AA4466A}.Release|Any CPU.Build.0 = Release|Any CPU
	EndGlobalSection
	GlobalSection(SolutionProperties) = preSolution
		HideSolutionNode = FALSE
	EndGlobalSection
EndGlobal
